{
  "name": "hexo-site",
  "version": "0.0.0",
  "lockfileVersion": 1,
  "requires": true,
  "dependencies": {
    "hexo-baidu-url-push": {
      "version": "0.1.3",
      "resolved": "https://registry.npmjs.org/hexo-baidu-url-push/-/hexo-baidu-url-push-0.1.3.tgz",
      "integrity": "sha1-VQAMqCBVfYi6G6KXeXgrynXQ3mA="
    }
  }
}
